// !$*UTF8*$!
{
	archiveVersion = 1;
	classes = {
	};
	objectVersion = 51;
	objects = {

/* Begin PBXBuildFile section */
		6E28548124F2137000D64A6A /* AppDelegate.swift in Sources */ = {isa = PBXBuildFile; fileRef = 6E28548024F2137000D64A6A /* AppDelegate.swift */; };
		6E28548A24F2137400D64A6A /* Assets.xcassets in Resources */ = {isa = PBXBuildFile; fileRef = 6E28548924F2137400D64A6A /* Assets.xcassets */; };
		6E28548D24F2137400D64A6A /* LaunchScreen.storyboard in Resources */ = {isa = PBXBuildFile; fileRef = 6E28548B24F2137400D64A6A /* LaunchScreen.storyboard */; };
		6E28549824F2137400D64A6A /* WordPuzzleTests.swift in Sources */ = {isa = PBXBuildFile; fileRef = 6E28549724F2137400D64A6A /* WordPuzzleTests.swift */; };
		6E989F0324F2B4FC00ECEF1F /* BaseViewController.swift in Sources */ = {isa = PBXBuildFile; fileRef = 6E989F0224F2B4FC00ECEF1F /* BaseViewController.swift */; };
		6E989F0724F2B52000ECEF1F /* NVActivityIndicatorPresenter.swift in Sources */ = {isa = PBXBuildFile; fileRef = 6E989F0424F2B52000ECEF1F /* NVActivityIndicatorPresenter.swift */; };
		6E989F0824F2B52000ECEF1F /* NVActivityIndicatorViewable.swift in Sources */ = {isa = PBXBuildFile; fileRef = 6E989F0524F2B52000ECEF1F /* NVActivityIndicatorViewable.swift */; };
		6E989F0924F2B52000ECEF1F /* Reachability.swift in Sources */ = {isa = PBXBuildFile; fileRef = 6E989F0624F2B52000ECEF1F /* Reachability.swift */; };
		6E989F0C24F2B54100ECEF1F /* AlertPresentable+Extension.swift in Sources */ = {isa = PBXBuildFile; fileRef = 6E989F0A24F2B54000ECEF1F /* AlertPresentable+Extension.swift */; };
		6E989F0D24F2B54100ECEF1F /* UILabel+Extension.swift in Sources */ = {isa = PBXBuildFile; fileRef = 6E989F0B24F2B54000ECEF1F /* UILabel+Extension.swift */; };
		6E989F0F24F2B57600ECEF1F /* BaseCoordinator.swift in Sources */ = {isa = PBXBuildFile; fileRef = 6E989F0E24F2B57600ECEF1F /* BaseCoordinator.swift */; };
		6E989F1124F2B58C00ECEF1F /* AppConstants.swift in Sources */ = {isa = PBXBuildFile; fileRef = 6E989F1024F2B58C00ECEF1F /* AppConstants.swift */; };
		6E989F1324F2B5BC00ECEF1F /* AppCoordinator.swift in Sources */ = {isa = PBXBuildFile; fileRef = 6E989F1224F2B5BC00ECEF1F /* AppCoordinator.swift */; };
		6E989F1924F2B66E00ECEF1F /* Container+RegisterDependencies.swift in Sources */ = {isa = PBXBuildFile; fileRef = 6E989F1424F2B66E00ECEF1F /* Container+RegisterDependencies.swift */; };
		6E989F1A24F2B66E00ECEF1F /* Container+Services.swift in Sources */ = {isa = PBXBuildFile; fileRef = 6E989F1524F2B66E00ECEF1F /* Container+Services.swift */; };
		6E989F1B24F2B66E00ECEF1F /* Container+ViewModels.swift in Sources */ = {isa = PBXBuildFile; fileRef = 6E989F1624F2B66E00ECEF1F /* Container+ViewModels.swift */; };
		6E989F1C24F2B66E00ECEF1F /* Container+Coordinators.swift in Sources */ = {isa = PBXBuildFile; fileRef = 6E989F1724F2B66E00ECEF1F /* Container+Coordinators.swift */; };
		6E989F1D24F2B66E00ECEF1F /* Container+Controllers.swift in Sources */ = {isa = PBXBuildFile; fileRef = 6E989F1824F2B66E00ECEF1F /* Container+Controllers.swift */; };
		6E989F1F24F2B69A00ECEF1F /* words.json in Resources */ = {isa = PBXBuildFile; fileRef = 6E989F1E24F2B69A00ECEF1F /* words.json */; };
		6E989F2624F2B6F300ECEF1F /* MainGameViewController.swift in Sources */ = {isa = PBXBuildFile; fileRef = 6E989F2524F2B6F300ECEF1F /* MainGameViewController.swift */; };
		6E989F2824F2B72B00ECEF1F /* MainGameViewModel.swift in Sources */ = {isa = PBXBuildFile; fileRef = 6E989F2724F2B72B00ECEF1F /* MainGameViewModel.swift */; };
		6E989F2B24F2B79700ECEF1F /* MainGameCoordinator.swift in Sources */ = {isa = PBXBuildFile; fileRef = 6E989F2A24F2B79700ECEF1F /* MainGameCoordinator.swift */; };
		6E989F3224F2BA9200ECEF1F /* ObjectLoader.swift in Sources */ = {isa = PBXBuildFile; fileRef = 6E989F3124F2BA9100ECEF1F /* ObjectLoader.swift */; };
		6E989F3424F2BAAB00ECEF1F /* MainGameLocalDataStore.swift in Sources */ = {isa = PBXBuildFile; fileRef = 6E989F3324F2BAAB00ECEF1F /* MainGameLocalDataStore.swift */; };
		6E989F3624F2BAC900ECEF1F /* WordModel.swift in Sources */ = {isa = PBXBuildFile; fileRef = 6E989F3524F2BAC900ECEF1F /* WordModel.swift */; };
		6E989F3824F2BAE500ECEF1F /* MainGameRemoteDataStore.swift in Sources */ = {isa = PBXBuildFile; fileRef = 6E989F3724F2BAE500ECEF1F /* MainGameRemoteDataStore.swift */; };
		6E989F3A24F2BAFA00ECEF1F /* MainGameRepository.swift in Sources */ = {isa = PBXBuildFile; fileRef = 6E989F3924F2BAFA00ECEF1F /* MainGameRepository.swift */; };
		6E989F4124F2DA2500ECEF1F /* MainGameCenter.swift in Sources */ = {isa = PBXBuildFile; fileRef = 6E989F4024F2DA2500ECEF1F /* MainGameCenter.swift */; };
		6E989F4324F2DA4000ECEF1F /* GameTimer.swift in Sources */ = {isa = PBXBuildFile; fileRef = 6E989F4224F2DA4000ECEF1F /* GameTimer.swift */; };
		6E989F4524F2DA6600ECEF1F /* ProbabilityGenerator.swift in Sources */ = {isa = PBXBuildFile; fileRef = 6E989F4424F2DA6600ECEF1F /* ProbabilityGenerator.swift */; };
		6E989F4724F2DA7700ECEF1F /* WordPairGenerator.swift in Sources */ = {isa = PBXBuildFile; fileRef = 6E989F4624F2DA7700ECEF1F /* WordPairGenerator.swift */; };
		6E989F4924F2DA8600ECEF1F /* GameSettings.swift in Sources */ = {isa = PBXBuildFile; fileRef = 6E989F4824F2DA8600ECEF1F /* GameSettings.swift */; };
		6E989F4B24F2DAA500ECEF1F /* RoundModel.swift in Sources */ = {isa = PBXBuildFile; fileRef = 6E989F4A24F2DAA500ECEF1F /* RoundModel.swift */; };
		6E989F4D24F2DAD000ECEF1F /* GameResults.swift in Sources */ = {isa = PBXBuildFile; fileRef = 6E989F4C24F2DAD000ECEF1F /* GameResults.swift */; };
		CDC4F582054BD643D553AB7F /* Pods_WordPuzzleTests.framework in Frameworks */ = {isa = PBXBuildFile; fileRef = 53DA1E7C0A29198C208546A3 /* Pods_WordPuzzleTests.framework */; };
		E827B231658D524551BD93B8 /* Pods_WordPuzzle.framework in Frameworks */ = {isa = PBXBuildFile; fileRef = 47D3E8223D372AEC35E12C0F /* Pods_WordPuzzle.framework */; };
/* End PBXBuildFile section */

/* Begin PBXContainerItemProxy section */
		6E28549424F2137400D64A6A /* PBXContainerItemProxy */ = {
			isa = PBXContainerItemProxy;
			containerPortal = 6E28547524F2137000D64A6A /* Project object */;
			proxyType = 1;
			remoteGlobalIDString = 6E28547C24F2137000D64A6A;
			remoteInfo = WordPuzzle;
		};
/* End PBXContainerItemProxy section */

/* Begin PBXFileReference section */
		47D3E8223D372AEC35E12C0F /* Pods_WordPuzzle.framework */ = {isa = PBXFileReference; explicitFileType = wrapper.framework; includeInIndex = 0; path = Pods_WordPuzzle.framework; sourceTree = BUILT_PRODUCTS_DIR; };
		491C2C249236F2A9B37BE5D0 /* Pods-WordPuzzle.release.xcconfig */ = {isa = PBXFileReference; includeInIndex = 1; lastKnownFileType = text.xcconfig; name = "Pods-WordPuzzle.release.xcconfig"; path = "Target Support Files/Pods-WordPuzzle/Pods-WordPuzzle.release.xcconfig"; sourceTree = "<group>"; };
		53DA1E7C0A29198C208546A3 /* Pods_WordPuzzleTests.framework */ = {isa = PBXFileReference; explicitFileType = wrapper.framework; includeInIndex = 0; path = Pods_WordPuzzleTests.framework; sourceTree = BUILT_PRODUCTS_DIR; };
		6E28547D24F2137000D64A6A /* WordPuzzle.app */ = {isa = PBXFileReference; explicitFileType = wrapper.application; includeInIndex = 0; path = WordPuzzle.app; sourceTree = BUILT_PRODUCTS_DIR; };
		6E28548024F2137000D64A6A /* AppDelegate.swift */ = {isa = PBXFileReference; lastKnownFileType = sourcecode.swift; path = AppDelegate.swift; sourceTree = "<group>"; };
		6E28548924F2137400D64A6A /* Assets.xcassets */ = {isa = PBXFileReference; lastKnownFileType = folder.assetcatalog; path = Assets.xcassets; sourceTree = "<group>"; };
		6E28548C24F2137400D64A6A /* Base */ = {isa = PBXFileReference; lastKnownFileType = file.storyboard; name = Base; path = Base.lproj/LaunchScreen.storyboard; sourceTree = "<group>"; };
		6E28548E24F2137400D64A6A /* Info.plist */ = {isa = PBXFileReference; lastKnownFileType = text.plist.xml; path = Info.plist; sourceTree = "<group>"; };
		6E28549324F2137400D64A6A /* WordPuzzleTests.xctest */ = {isa = PBXFileReference; explicitFileType = wrapper.cfbundle; includeInIndex = 0; path = WordPuzzleTests.xctest; sourceTree = BUILT_PRODUCTS_DIR; };
		6E28549724F2137400D64A6A /* WordPuzzleTests.swift */ = {isa = PBXFileReference; lastKnownFileType = sourcecode.swift; path = WordPuzzleTests.swift; sourceTree = "<group>"; };
		6E28549924F2137400D64A6A /* Info.plist */ = {isa = PBXFileReference; lastKnownFileType = text.plist.xml; path = Info.plist; sourceTree = "<group>"; };
		6E989F0224F2B4FC00ECEF1F /* BaseViewController.swift */ = {isa = PBXFileReference; lastKnownFileType = sourcecode.swift; path = BaseViewController.swift; sourceTree = "<group>"; };
		6E989F0424F2B52000ECEF1F /* NVActivityIndicatorPresenter.swift */ = {isa = PBXFileReference; fileEncoding = 4; lastKnownFileType = sourcecode.swift; path = NVActivityIndicatorPresenter.swift; sourceTree = "<group>"; };
		6E989F0524F2B52000ECEF1F /* NVActivityIndicatorViewable.swift */ = {isa = PBXFileReference; fileEncoding = 4; lastKnownFileType = sourcecode.swift; path = NVActivityIndicatorViewable.swift; sourceTree = "<group>"; };
		6E989F0624F2B52000ECEF1F /* Reachability.swift */ = {isa = PBXFileReference; fileEncoding = 4; lastKnownFileType = sourcecode.swift; path = Reachability.swift; sourceTree = "<group>"; };
		6E989F0A24F2B54000ECEF1F /* AlertPresentable+Extension.swift */ = {isa = PBXFileReference; fileEncoding = 4; lastKnownFileType = sourcecode.swift; path = "AlertPresentable+Extension.swift"; sourceTree = "<group>"; };
		6E989F0B24F2B54000ECEF1F /* UILabel+Extension.swift */ = {isa = PBXFileReference; fileEncoding = 4; lastKnownFileType = sourcecode.swift; path = "UILabel+Extension.swift"; sourceTree = "<group>"; };
		6E989F0E24F2B57600ECEF1F /* BaseCoordinator.swift */ = {isa = PBXFileReference; fileEncoding = 4; lastKnownFileType = sourcecode.swift; path = BaseCoordinator.swift; sourceTree = "<group>"; };
		6E989F1024F2B58C00ECEF1F /* AppConstants.swift */ = {isa = PBXFileReference; fileEncoding = 4; lastKnownFileType = sourcecode.swift; path = AppConstants.swift; sourceTree = "<group>"; };
		6E989F1224F2B5BC00ECEF1F /* AppCoordinator.swift */ = {isa = PBXFileReference; fileEncoding = 4; lastKnownFileType = sourcecode.swift; path = AppCoordinator.swift; sourceTree = "<group>"; };
		6E989F1424F2B66E00ECEF1F /* Container+RegisterDependencies.swift */ = {isa = PBXFileReference; fileEncoding = 4; lastKnownFileType = sourcecode.swift; path = "Container+RegisterDependencies.swift"; sourceTree = "<group>"; };
		6E989F1524F2B66E00ECEF1F /* Container+Services.swift */ = {isa = PBXFileReference; fileEncoding = 4; lastKnownFileType = sourcecode.swift; path = "Container+Services.swift"; sourceTree = "<group>"; };
		6E989F1624F2B66E00ECEF1F /* Container+ViewModels.swift */ = {isa = PBXFileReference; fileEncoding = 4; lastKnownFileType = sourcecode.swift; path = "Container+ViewModels.swift"; sourceTree = "<group>"; };
		6E989F1724F2B66E00ECEF1F /* Container+Coordinators.swift */ = {isa = PBXFileReference; fileEncoding = 4; lastKnownFileType = sourcecode.swift; path = "Container+Coordinators.swift"; sourceTree = "<group>"; };
		6E989F1824F2B66E00ECEF1F /* Container+Controllers.swift */ = {isa = PBXFileReference; fileEncoding = 4; lastKnownFileType = sourcecode.swift; path = "Container+Controllers.swift"; sourceTree = "<group>"; };
		6E989F1E24F2B69A00ECEF1F /* words.json */ = {isa = PBXFileReference; fileEncoding = 4; lastKnownFileType = text.json; path = words.json; sourceTree = "<group>"; };
		6E989F2524F2B6F300ECEF1F /* MainGameViewController.swift */ = {isa = PBXFileReference; lastKnownFileType = sourcecode.swift; path = MainGameViewController.swift; sourceTree = "<group>"; };
		6E989F2724F2B72B00ECEF1F /* MainGameViewModel.swift */ = {isa = PBXFileReference; lastKnownFileType = sourcecode.swift; path = MainGameViewModel.swift; sourceTree = "<group>"; };
		6E989F2A24F2B79700ECEF1F /* MainGameCoordinator.swift */ = {isa = PBXFileReference; lastKnownFileType = sourcecode.swift; path = MainGameCoordinator.swift; sourceTree = "<group>"; };
		6E989F3124F2BA9100ECEF1F /* ObjectLoader.swift */ = {isa = PBXFileReference; fileEncoding = 4; lastKnownFileType = sourcecode.swift; path = ObjectLoader.swift; sourceTree = "<group>"; };
		6E989F3324F2BAAB00ECEF1F /* MainGameLocalDataStore.swift */ = {isa = PBXFileReference; fileEncoding = 4; lastKnownFileType = sourcecode.swift; path = MainGameLocalDataStore.swift; sourceTree = "<group>"; };
		6E989F3524F2BAC900ECEF1F /* WordModel.swift */ = {isa = PBXFileReference; fileEncoding = 4; lastKnownFileType = sourcecode.swift; path = WordModel.swift; sourceTree = "<group>"; };
		6E989F3724F2BAE500ECEF1F /* MainGameRemoteDataStore.swift */ = {isa = PBXFileReference; fileEncoding = 4; lastKnownFileType = sourcecode.swift; path = MainGameRemoteDataStore.swift; sourceTree = "<group>"; };
		6E989F3924F2BAFA00ECEF1F /* MainGameRepository.swift */ = {isa = PBXFileReference; fileEncoding = 4; lastKnownFileType = sourcecode.swift; path = MainGameRepository.swift; sourceTree = "<group>"; };
		6E989F4024F2DA2500ECEF1F /* MainGameCenter.swift */ = {isa = PBXFileReference; fileEncoding = 4; lastKnownFileType = sourcecode.swift; path = MainGameCenter.swift; sourceTree = "<group>"; };
		6E989F4224F2DA4000ECEF1F /* GameTimer.swift */ = {isa = PBXFileReference; fileEncoding = 4; lastKnownFileType = sourcecode.swift; path = GameTimer.swift; sourceTree = "<group>"; };
		6E989F4424F2DA6600ECEF1F /* ProbabilityGenerator.swift */ = {isa = PBXFileReference; fileEncoding = 4; lastKnownFileType = sourcecode.swift; path = ProbabilityGenerator.swift; sourceTree = "<group>"; };
		6E989F4624F2DA7700ECEF1F /* WordPairGenerator.swift */ = {isa = PBXFileReference; fileEncoding = 4; lastKnownFileType = sourcecode.swift; path = WordPairGenerator.swift; sourceTree = "<group>"; };
		6E989F4824F2DA8600ECEF1F /* GameSettings.swift */ = {isa = PBXFileReference; fileEncoding = 4; lastKnownFileType = sourcecode.swift; path = GameSettings.swift; sourceTree = "<group>"; };
		6E989F4A24F2DAA500ECEF1F /* RoundModel.swift */ = {isa = PBXFileReference; fileEncoding = 4; lastKnownFileType = sourcecode.swift; path = RoundModel.swift; sourceTree = "<group>"; };
		6E989F4C24F2DAD000ECEF1F /* GameResults.swift */ = {isa = PBXFileReference; fileEncoding = 4; lastKnownFileType = sourcecode.swift; path = GameResults.swift; sourceTree = "<group>"; };
		92720C4084D502C149C2589E /* Pods-WordPuzzle.debug.xcconfig */ = {isa = PBXFileReference; includeInIndex = 1; lastKnownFileType = text.xcconfig; name = "Pods-WordPuzzle.debug.xcconfig"; path = "Target Support Files/Pods-WordPuzzle/Pods-WordPuzzle.debug.xcconfig"; sourceTree = "<group>"; };
		96E5C4588426E7A1B9D4167C /* Pods-WordPuzzleTests.release.xcconfig */ = {isa = PBXFileReference; includeInIndex = 1; lastKnownFileType = text.xcconfig; name = "Pods-WordPuzzleTests.release.xcconfig"; path = "Target Support Files/Pods-WordPuzzleTests/Pods-WordPuzzleTests.release.xcconfig"; sourceTree = "<group>"; };
		B0092DCEFAB570A8B4F231AD /* Pods-WordPuzzleTests.debug.xcconfig */ = {isa = PBXFileReference; includeInIndex = 1; lastKnownFileType = text.xcconfig; name = "Pods-WordPuzzleTests.debug.xcconfig"; path = "Target Support Files/Pods-WordPuzzleTests/Pods-WordPuzzleTests.debug.xcconfig"; sourceTree = "<group>"; };
/* End PBXFileReference section */

/* Begin PBXFrameworksBuildPhase section */
		6E28547A24F2137000D64A6A /* Frameworks */ = {
			isa = PBXFrameworksBuildPhase;
			buildActionMask = 2147483647;
			files = (
				E827B231658D524551BD93B8 /* Pods_WordPuzzle.framework in Frameworks */,
			);
			runOnlyForDeploymentPostprocessing = 0;
		};
		6E28549024F2137400D64A6A /* Frameworks */ = {
			isa = PBXFrameworksBuildPhase;
			buildActionMask = 2147483647;
			files = (
				CDC4F582054BD643D553AB7F /* Pods_WordPuzzleTests.framework in Frameworks */,
			);
			runOnlyForDeploymentPostprocessing = 0;
		};
/* End PBXFrameworksBuildPhase section */

/* Begin PBXGroup section */
		274363E7FE95D2AE04E691C6 /* Pods */ = {
			isa = PBXGroup;
			children = (
				92720C4084D502C149C2589E /* Pods-WordPuzzle.debug.xcconfig */,
				491C2C249236F2A9B37BE5D0 /* Pods-WordPuzzle.release.xcconfig */,
				B0092DCEFAB570A8B4F231AD /* Pods-WordPuzzleTests.debug.xcconfig */,
				96E5C4588426E7A1B9D4167C /* Pods-WordPuzzleTests.release.xcconfig */,
			);
			path = Pods;
			sourceTree = "<group>";
		};
		6E28547424F2137000D64A6A = {
			isa = PBXGroup;
			children = (
				6E28547F24F2137000D64A6A /* WordPuzzle */,
				6E28549624F2137400D64A6A /* WordPuzzleTests */,
				6E28547E24F2137000D64A6A /* Products */,
				274363E7FE95D2AE04E691C6 /* Pods */,
				CB340B07C3460BA6577B1835 /* Frameworks */,
			);
			sourceTree = "<group>";
		};
		6E28547E24F2137000D64A6A /* Products */ = {
			isa = PBXGroup;
			children = (
				6E28547D24F2137000D64A6A /* WordPuzzle.app */,
				6E28549324F2137400D64A6A /* WordPuzzleTests.xctest */,
			);
			name = Products;
			sourceTree = "<group>";
		};
		6E28547F24F2137000D64A6A /* WordPuzzle */ = {
			isa = PBXGroup;
			children = (
				6E2854A324F2161900D64A6A /* AppStartup */,
				6E2854A524F216A200D64A6A /* Common */,
				6E2854A624F216B600D64A6A /* DependencyInjection */,
				6E2854A924F216FB00D64A6A /* SupportingFiles */,
				6E2854A824F216EE00D64A6A /* Services */,
				6E2854A724F216CD00D64A6A /* Features */,
				6E2854A424F2166C00D64A6A /* Resources */,
			);
			path = WordPuzzle;
			sourceTree = "<group>";
		};
		6E28549624F2137400D64A6A /* WordPuzzleTests */ = {
			isa = PBXGroup;
			children = (
				6E28549724F2137400D64A6A /* WordPuzzleTests.swift */,
				6E28549924F2137400D64A6A /* Info.plist */,
			);
			path = WordPuzzleTests;
			sourceTree = "<group>";
		};
		6E2854A324F2161900D64A6A /* AppStartup */ = {
			isa = PBXGroup;
			children = (
				6E2854AA24F2170800D64A6A /* AppCoordinator */,
				6E28548024F2137000D64A6A /* AppDelegate.swift */,
				6E28548B24F2137400D64A6A /* LaunchScreen.storyboard */,
				6E28548E24F2137400D64A6A /* Info.plist */,
			);
			path = AppStartup;
			sourceTree = "<group>";
		};
		6E2854A424F2166C00D64A6A /* Resources */ = {
			isa = PBXGroup;
			children = (
				6E28548924F2137400D64A6A /* Assets.xcassets */,
			);
			path = Resources;
			sourceTree = "<group>";
		};
		6E2854A524F216A200D64A6A /* Common */ = {
			isa = PBXGroup;
			children = (
				6E2854B224F2175300D64A6A /* ViewControllers */,
				6E2854B124F2174D00D64A6A /* UI */,
				6E2854B024F2174300D64A6A /* ThirdParties */,
				6E2854AF24F2173B00D64A6A /* Networking */,
				6E2854AE24F2173500D64A6A /* Extensions */,
				6E2854AD24F2173000D64A6A /* Enumerations */,
				6E2854AC24F2172500D64A6A /* Coordinator */,
				6E2854AB24F2171E00D64A6A /* Constants */,
			);
			path = Common;
			sourceTree = "<group>";
		};
		6E2854A624F216B600D64A6A /* DependencyInjection */ = {
			isa = PBXGroup;
			children = (
				6E989F1424F2B66E00ECEF1F /* Container+RegisterDependencies.swift */,
				6E989F1624F2B66E00ECEF1F /* Container+ViewModels.swift */,
				6E989F1524F2B66E00ECEF1F /* Container+Services.swift */,
				6E989F1724F2B66E00ECEF1F /* Container+Coordinators.swift */,
				6E989F1824F2B66E00ECEF1F /* Container+Controllers.swift */,
			);
			path = DependencyInjection;
			sourceTree = "<group>";
		};
		6E2854A724F216CD00D64A6A /* Features */ = {
			isa = PBXGroup;
			children = (
				6E989F2024F2B6B000ECEF1F /* MainGame */,
			);
			path = Features;
			sourceTree = "<group>";
		};
		6E2854A824F216EE00D64A6A /* Services */ = {
			isa = PBXGroup;
			children = (
				6E989F3024F2BA8300ECEF1F /* ObjectLoader */,
				6E989F2C24F2BA5800ECEF1F /* MainGame */,
			);
			path = Services;
			sourceTree = "<group>";
		};
		6E2854A924F216FB00D64A6A /* SupportingFiles */ = {
			isa = PBXGroup;
			children = (
				6E989F1E24F2B69A00ECEF1F /* words.json */,
			);
			path = SupportingFiles;
			sourceTree = "<group>";
		};
		6E2854AA24F2170800D64A6A /* AppCoordinator */ = {
			isa = PBXGroup;
			children = (
				6E989F1224F2B5BC00ECEF1F /* AppCoordinator.swift */,
			);
			path = AppCoordinator;
			sourceTree = "<group>";
		};
		6E2854AB24F2171E00D64A6A /* Constants */ = {
			isa = PBXGroup;
			children = (
				6E989F1024F2B58C00ECEF1F /* AppConstants.swift */,
			);
			path = Constants;
			sourceTree = "<group>";
		};
		6E2854AC24F2172500D64A6A /* Coordinator */ = {
			isa = PBXGroup;
			children = (
				6E989F0E24F2B57600ECEF1F /* BaseCoordinator.swift */,
			);
			path = Coordinator;
			sourceTree = "<group>";
		};
		6E2854AD24F2173000D64A6A /* Enumerations */ = {
			isa = PBXGroup;
			children = (
			);
			path = Enumerations;
			sourceTree = "<group>";
		};
		6E2854AE24F2173500D64A6A /* Extensions */ = {
			isa = PBXGroup;
			children = (
				6E989F0A24F2B54000ECEF1F /* AlertPresentable+Extension.swift */,
				6E989F0B24F2B54000ECEF1F /* UILabel+Extension.swift */,
			);
			path = Extensions;
			sourceTree = "<group>";
		};
		6E2854AF24F2173B00D64A6A /* Networking */ = {
			isa = PBXGroup;
			children = (
			);
			path = Networking;
			sourceTree = "<group>";
		};
		6E2854B024F2174300D64A6A /* ThirdParties */ = {
			isa = PBXGroup;
			children = (
				6E989F0424F2B52000ECEF1F /* NVActivityIndicatorPresenter.swift */,
				6E989F0524F2B52000ECEF1F /* NVActivityIndicatorViewable.swift */,
				6E989F0624F2B52000ECEF1F /* Reachability.swift */,
			);
			path = ThirdParties;
			sourceTree = "<group>";
		};
		6E2854B124F2174D00D64A6A /* UI */ = {
			isa = PBXGroup;
			children = (
			);
			path = UI;
			sourceTree = "<group>";
		};
		6E2854B224F2175300D64A6A /* ViewControllers */ = {
			isa = PBXGroup;
			children = (
				6E989F0224F2B4FC00ECEF1F /* BaseViewController.swift */,
			);
			path = ViewControllers;
			sourceTree = "<group>";
		};
		6E989F2024F2B6B000ECEF1F /* MainGame */ = {
			isa = PBXGroup;
			children = (
				6E989F2424F2B6DA00ECEF1F /* ViewModels */,
				6E989F2324F2B6D500ECEF1F /* Models */,
				6E989F2224F2B6CF00ECEF1F /* Coordinator */,
				6E989F2124F2B6BF00ECEF1F /* ViewControllers */,
			);
			path = MainGame;
			sourceTree = "<group>";
		};
		6E989F2124F2B6BF00ECEF1F /* ViewControllers */ = {
			isa = PBXGroup;
			children = (
				6E989F2524F2B6F300ECEF1F /* MainGameViewController.swift */,
			);
			path = ViewControllers;
			sourceTree = "<group>";
		};
		6E989F2224F2B6CF00ECEF1F /* Coordinator */ = {
			isa = PBXGroup;
			children = (
				6E989F2A24F2B79700ECEF1F /* MainGameCoordinator.swift */,
			);
			path = Coordinator;
			sourceTree = "<group>";
		};
		6E989F2324F2B6D500ECEF1F /* Models */ = {
			isa = PBXGroup;
			children = (
				6E989F4C24F2DAD000ECEF1F /* GameResults.swift */,
				6E989F4A24F2DAA500ECEF1F /* RoundModel.swift */,
				6E989F3524F2BAC900ECEF1F /* WordModel.swift */,
			);
			path = Models;
			sourceTree = "<group>";
		};
		6E989F2424F2B6DA00ECEF1F /* ViewModels */ = {
			isa = PBXGroup;
			children = (
				6E989F2724F2B72B00ECEF1F /* MainGameViewModel.swift */,
			);
			path = ViewModels;
			sourceTree = "<group>";
		};
		6E989F2C24F2BA5800ECEF1F /* MainGame */ = {
			isa = PBXGroup;
			children = (
				6E989F3B24F2D9E200ECEF1F /* MainGameCenter */,
				6E989F2F24F2BA7400ECEF1F /* Remote */,
				6E989F2E24F2BA6C00ECEF1F /* Local */,
				6E989F2D24F2BA6600ECEF1F /* Repository */,
			);
			path = MainGame;
			sourceTree = "<group>";
		};
		6E989F2D24F2BA6600ECEF1F /* Repository */ = {
			isa = PBXGroup;
			children = (
				6E989F3924F2BAFA00ECEF1F /* MainGameRepository.swift */,
			);
			path = Repository;
			sourceTree = "<group>";
		};
		6E989F2E24F2BA6C00ECEF1F /* Local */ = {
			isa = PBXGroup;
			children = (
				6E989F3324F2BAAB00ECEF1F /* MainGameLocalDataStore.swift */,
			);
			path = Local;
			sourceTree = "<group>";
		};
		6E989F2F24F2BA7400ECEF1F /* Remote */ = {
			isa = PBXGroup;
			children = (
				6E989F3724F2BAE500ECEF1F /* MainGameRemoteDataStore.swift */,
			);
			path = Remote;
			sourceTree = "<group>";
		};
		6E989F3024F2BA8300ECEF1F /* ObjectLoader */ = {
			isa = PBXGroup;
			children = (
				6E989F3124F2BA9100ECEF1F /* ObjectLoader.swift */,
			);
			path = ObjectLoader;
			sourceTree = "<group>";
		};
		6E989F3B24F2D9E200ECEF1F /* MainGameCenter */ = {
			isa = PBXGroup;
			children = (
				6E989F4024F2DA2500ECEF1F /* MainGameCenter.swift */,
				6E989F3F24F2DA1D00ECEF1F /* GameTimer */,
				6E989F3E24F2DA1700ECEF1F /* ProbabilityGenerator */,
				6E989F3D24F2DA0B00ECEF1F /* WordPairGenerator */,
				6E989F3C24F2D9F100ECEF1F /* GameSettings */,
			);
			path = MainGameCenter;
			sourceTree = "<group>";
		};
		6E989F3C24F2D9F100ECEF1F /* GameSettings */ = {
			isa = PBXGroup;
			children = (
				6E989F4824F2DA8600ECEF1F /* GameSettings.swift */,
			);
			name = GameSettings;
			sourceTree = "<group>";
		};
		6E989F3D24F2DA0B00ECEF1F /* WordPairGenerator */ = {
			isa = PBXGroup;
			children = (
				6E989F4624F2DA7700ECEF1F /* WordPairGenerator.swift */,
			);
			name = WordPairGenerator;
			sourceTree = "<group>";
		};
		6E989F3E24F2DA1700ECEF1F /* ProbabilityGenerator */ = {
			isa = PBXGroup;
			children = (
				6E989F4424F2DA6600ECEF1F /* ProbabilityGenerator.swift */,
			);
			name = ProbabilityGenerator;
			sourceTree = "<group>";
		};
		6E989F3F24F2DA1D00ECEF1F /* GameTimer */ = {
			isa = PBXGroup;
			children = (
				6E989F4224F2DA4000ECEF1F /* GameTimer.swift */,
			);
			name = GameTimer;
			sourceTree = "<group>";
		};
		CB340B07C3460BA6577B1835 /* Frameworks */ = {
			isa = PBXGroup;
			children = (
				47D3E8223D372AEC35E12C0F /* Pods_WordPuzzle.framework */,
				53DA1E7C0A29198C208546A3 /* Pods_WordPuzzleTests.framework */,
			);
			name = Frameworks;
			sourceTree = "<group>";
		};
/* End PBXGroup section */

/* Begin PBXNativeTarget section */
		6E28547C24F2137000D64A6A /* WordPuzzle */ = {
			isa = PBXNativeTarget;
			buildConfigurationList = 6E28549C24F2137400D64A6A /* Build configuration list for PBXNativeTarget "WordPuzzle" */;
			buildPhases = (
				AB712627D713B1B710448794 /* [CP] Check Pods Manifest.lock */,
				6E28547924F2137000D64A6A /* Sources */,
				6E28547A24F2137000D64A6A /* Frameworks */,
				6E28547B24F2137000D64A6A /* Resources */,
				91EF4BE7C89D5812838C89C3 /* [CP] Embed Pods Frameworks */,
				6E2854A224F214DB00D64A6A /* ShellScript */,
			);
			buildRules = (
			);
			dependencies = (
			);
			name = WordPuzzle;
			productName = WordPuzzle;
			productReference = 6E28547D24F2137000D64A6A /* WordPuzzle.app */;
			productType = "com.apple.product-type.application";
		};
		6E28549224F2137400D64A6A /* WordPuzzleTests */ = {
			isa = PBXNativeTarget;
			buildConfigurationList = 6E28549F24F2137400D64A6A /* Build configuration list for PBXNativeTarget "WordPuzzleTests" */;
			buildPhases = (
				0C016222D72ED448D81E148C /* [CP] Check Pods Manifest.lock */,
				6E28548F24F2137400D64A6A /* Sources */,
				6E28549024F2137400D64A6A /* Frameworks */,
				6E28549124F2137400D64A6A /* Resources */,
			);
			buildRules = (
			);
			dependencies = (
				6E28549524F2137400D64A6A /* PBXTargetDependency */,
			);
			name = WordPuzzleTests;
			productName = WordPuzzleTests;
			productReference = 6E28549324F2137400D64A6A /* WordPuzzleTests.xctest */;
			productType = "com.apple.product-type.bundle.unit-test";
		};
/* End PBXNativeTarget section */

/* Begin PBXProject section */
		6E28547524F2137000D64A6A /* Project object */ = {
			isa = PBXProject;
			attributes = {
				LastSwiftUpdateCheck = 1150;
				LastUpgradeCheck = 1150;
				ORGANIZATIONNAME = "Abdul Basit";
				TargetAttributes = {
					6E28547C24F2137000D64A6A = {
						CreatedOnToolsVersion = 11.5;
					};
					6E28549224F2137400D64A6A = {
						CreatedOnToolsVersion = 11.5;
						TestTargetID = 6E28547C24F2137000D64A6A;
					};
				};
			};
			buildConfigurationList = 6E28547824F2137000D64A6A /* Build configuration list for PBXProject "WordPuzzle" */;
			compatibilityVersion = "Xcode 9.3";
			developmentRegion = en;
			hasScannedForEncodings = 0;
			knownRegions = (
				en,
				Base,
			);
			mainGroup = 6E28547424F2137000D64A6A;
			productRefGroup = 6E28547E24F2137000D64A6A /* Products */;
			projectDirPath = "";
			projectRoot = "";
			targets = (
				6E28547C24F2137000D64A6A /* WordPuzzle */,
				6E28549224F2137400D64A6A /* WordPuzzleTests */,
			);
		};
/* End PBXProject section */

/* Begin PBXResourcesBuildPhase section */
		6E28547B24F2137000D64A6A /* Resources */ = {
			isa = PBXResourcesBuildPhase;
			buildActionMask = 2147483647;
			files = (
				6E989F1F24F2B69A00ECEF1F /* words.json in Resources */,
				6E28548D24F2137400D64A6A /* LaunchScreen.storyboard in Resources */,
				6E28548A24F2137400D64A6A /* Assets.xcassets in Resources */,
			);
			runOnlyForDeploymentPostprocessing = 0;
		};
		6E28549124F2137400D64A6A /* Resources */ = {
			isa = PBXResourcesBuildPhase;
			buildActionMask = 2147483647;
			files = (
			);
			runOnlyForDeploymentPostprocessing = 0;
		};
/* End PBXResourcesBuildPhase section */

/* Begin PBXShellScriptBuildPhase section */
		0C016222D72ED448D81E148C /* [CP] Check Pods Manifest.lock */ = {
			isa = PBXShellScriptBuildPhase;
			buildActionMask = 2147483647;
			files = (
			);
			inputFileListPaths = (
			);
			inputPaths = (
				"${PODS_PODFILE_DIR_PATH}/Podfile.lock",
				"${PODS_ROOT}/Manifest.lock",
			);
			name = "[CP] Check Pods Manifest.lock";
			outputFileListPaths = (
			);
			outputPaths = (
				"$(DERIVED_FILE_DIR)/Pods-WordPuzzleTests-checkManifestLockResult.txt",
			);
			runOnlyForDeploymentPostprocessing = 0;
			shellPath = /bin/sh;
			shellScript = "diff \"${PODS_PODFILE_DIR_PATH}/Podfile.lock\" \"${PODS_ROOT}/Manifest.lock\" > /dev/null\nif [ $? != 0 ] ; then\n    # print error to STDERR\n    echo \"error: The sandbox is not in sync with the Podfile.lock. Run 'pod install' or update your CocoaPods installation.\" >&2\n    exit 1\nfi\n# This output is used by Xcode 'outputs' to avoid re-running this script phase.\necho \"SUCCESS\" > \"${SCRIPT_OUTPUT_FILE_0}\"\n";
			showEnvVarsInLog = 0;
		};
		6E2854A224F214DB00D64A6A /* ShellScript */ = {
			isa = PBXShellScriptBuildPhase;
			buildActionMask = 2147483647;
			files = (
			);
			inputFileListPaths = (
			);
			inputPaths = (
			);
			outputFileListPaths = (
			);
			outputPaths = (
			);
			runOnlyForDeploymentPostprocessing = 0;
			shellPath = /bin/sh;
			shellScript = "# Type a script or drag a script file from your workspace to insert its path.\n\"${PODS_ROOT}/SwiftLint/swiftlint\"\n";
		};
		91EF4BE7C89D5812838C89C3 /* [CP] Embed Pods Frameworks */ = {
			isa = PBXShellScriptBuildPhase;
			buildActionMask = 2147483647;
			files = (
			);
			inputFileListPaths = (
				"${PODS_ROOT}/Target Support Files/Pods-WordPuzzle/Pods-WordPuzzle-frameworks-${CONFIGURATION}-input-files.xcfilelist",
			);
			name = "[CP] Embed Pods Frameworks";
			outputFileListPaths = (
				"${PODS_ROOT}/Target Support Files/Pods-WordPuzzle/Pods-WordPuzzle-frameworks-${CONFIGURATION}-output-files.xcfilelist",
			);
			runOnlyForDeploymentPostprocessing = 0;
			shellPath = /bin/sh;
			shellScript = "\"${PODS_ROOT}/Target Support Files/Pods-WordPuzzle/Pods-WordPuzzle-frameworks.sh\"\n";
			showEnvVarsInLog = 0;
		};
		AB712627D713B1B710448794 /* [CP] Check Pods Manifest.lock */ = {
			isa = PBXShellScriptBuildPhase;
			buildActionMask = 2147483647;
			files = (
			);
			inputFileListPaths = (
			);
			inputPaths = (
				"${PODS_PODFILE_DIR_PATH}/Podfile.lock",
				"${PODS_ROOT}/Manifest.lock",
			);
			name = "[CP] Check Pods Manifest.lock";
			outputFileListPaths = (
			);
			outputPaths = (
				"$(DERIVED_FILE_DIR)/Pods-WordPuzzle-checkManifestLockResult.txt",
			);
			runOnlyForDeploymentPostprocessing = 0;
			shellPath = /bin/sh;
			shellScript = "diff \"${PODS_PODFILE_DIR_PATH}/Podfile.lock\" \"${PODS_ROOT}/Manifest.lock\" > /dev/null\nif [ $? != 0 ] ; then\n    # print error to STDERR\n    echo \"error: The sandbox is not in sync with the Podfile.lock. Run 'pod install' or update your CocoaPods installation.\" >&2\n    exit 1\nfi\n# This output is used by Xcode 'outputs' to avoid re-running this script phase.\necho \"SUCCESS\" > \"${SCRIPT_OUTPUT_FILE_0}\"\n";
			showEnvVarsInLog = 0;
		};
/* End PBXShellScriptBuildPhase section */

/* Begin PBXSourcesBuildPhase section */
		6E28547924F2137000D64A6A /* Sources */ = {
			isa = PBXSourcesBuildPhase;
			buildActionMask = 2147483647;
			files = (
				6E989F0C24F2B54100ECEF1F /* AlertPresentable+Extension.swift in Sources */,
				6E989F1124F2B58C00ECEF1F /* AppConstants.swift in Sources */,
				6E989F3A24F2BAFA00ECEF1F /* MainGameRepository.swift in Sources */,
				6E989F3824F2BAE500ECEF1F /* MainGameRemoteDataStore.swift in Sources */,
				6E989F3224F2BA9200ECEF1F /* ObjectLoader.swift in Sources */,
				6E989F1C24F2B66E00ECEF1F /* Container+Coordinators.swift in Sources */,
				6E989F1324F2B5BC00ECEF1F /* AppCoordinator.swift in Sources */,
				6E989F1924F2B66E00ECEF1F /* Container+RegisterDependencies.swift in Sources */,
				6E989F2624F2B6F300ECEF1F /* MainGameViewController.swift in Sources */,
				6E989F0724F2B52000ECEF1F /* NVActivityIndicatorPresenter.swift in Sources */,
				6E989F3424F2BAAB00ECEF1F /* MainGameLocalDataStore.swift in Sources */,
				6E28548124F2137000D64A6A /* AppDelegate.swift in Sources */,
				6E989F2824F2B72B00ECEF1F /* MainGameViewModel.swift in Sources */,
				6E989F2B24F2B79700ECEF1F /* MainGameCoordinator.swift in Sources */,
				6E989F4B24F2DAA500ECEF1F /* RoundModel.swift in Sources */,
				6E989F1D24F2B66E00ECEF1F /* Container+Controllers.swift in Sources */,
				6E989F4124F2DA2500ECEF1F /* MainGameCenter.swift in Sources */,
				6E989F0D24F2B54100ECEF1F /* UILabel+Extension.swift in Sources */,
				6E989F4324F2DA4000ECEF1F /* GameTimer.swift in Sources */,
				6E989F0324F2B4FC00ECEF1F /* BaseViewController.swift in Sources */,
				6E989F0924F2B52000ECEF1F /* Reachability.swift in Sources */,
				6E989F4924F2DA8600ECEF1F /* GameSettings.swift in Sources */,
				6E989F1A24F2B66E00ECEF1F /* Container+Services.swift in Sources */,
				6E989F4724F2DA7700ECEF1F /* WordPairGenerator.swift in Sources */,
				6E989F4D24F2DAD000ECEF1F /* GameResults.swift in Sources */,
				6E989F4524F2DA6600ECEF1F /* ProbabilityGenerator.swift in Sources */,
				6E989F0824F2B52000ECEF1F /* NVActivityIndicatorViewable.swift in Sources */,
				6E989F1B24F2B66E00ECEF1F /* Container+ViewModels.swift in Sources */,
				6E989F3624F2BAC900ECEF1F /* WordModel.swift in Sources */,
				6E989F0F24F2B57600ECEF1F /* BaseCoordinator.swift in Sources */,
			);
			runOnlyForDeploymentPostprocessing = 0;
		};
		6E28548F24F2137400D64A6A /* Sources */ = {
			isa = PBXSourcesBuildPhase;
			buildActionMask = 2147483647;
			files = (
				6E28549824F2137400D64A6A /* WordPuzzleTests.swift in Sources */,
			);
			runOnlyForDeploymentPostprocessing = 0;
		};
/* End PBXSourcesBuildPhase section */

/* Begin PBXTargetDependency section */
		6E28549524F2137400D64A6A /* PBXTargetDependency */ = {
			isa = PBXTargetDependency;
			target = 6E28547C24F2137000D64A6A /* WordPuzzle */;
			targetProxy = 6E28549424F2137400D64A6A /* PBXContainerItemProxy */;
		};
/* End PBXTargetDependency section */

/* Begin PBXVariantGroup section */
		6E28548B24F2137400D64A6A /* LaunchScreen.storyboard */ = {
			isa = PBXVariantGroup;
			children = (
				6E28548C24F2137400D64A6A /* Base */,
			);
			name = LaunchScreen.storyboard;
			sourceTree = "<group>";
		};
/* End PBXVariantGroup section */

/* Begin XCBuildConfiguration section */
		6E28549A24F2137400D64A6A /* Debug */ = {
			isa = XCBuildConfiguration;
			buildSettings = {
				ALWAYS_SEARCH_USER_PATHS = NO;
				CLANG_ANALYZER_NONNULL = YES;
				CLANG_ANALYZER_NUMBER_OBJECT_CONVERSION = YES_AGGRESSIVE;
				CLANG_CXX_LANGUAGE_STANDARD = "gnu++14";
				CLANG_CXX_LIBRARY = "libc++";
				CLANG_ENABLE_MODULES = YES;
				CLANG_ENABLE_OBJC_ARC = YES;
				CLANG_ENABLE_OBJC_WEAK = YES;
				CLANG_WARN_BLOCK_CAPTURE_AUTORELEASING = YES;
				CLANG_WARN_BOOL_CONVERSION = YES;
				CLANG_WARN_COMMA = YES;
				CLANG_WARN_CONSTANT_CONVERSION = YES;
				CLANG_WARN_DEPRECATED_OBJC_IMPLEMENTATIONS = YES;
				CLANG_WARN_DIRECT_OBJC_ISA_USAGE = YES_ERROR;
				CLANG_WARN_DOCUMENTATION_COMMENTS = YES;
				CLANG_WARN_EMPTY_BODY = YES;
				CLANG_WARN_ENUM_CONVERSION = YES;
				CLANG_WARN_INFINITE_RECURSION = YES;
				CLANG_WARN_INT_CONVERSION = YES;
				CLANG_WARN_NON_LITERAL_NULL_CONVERSION = YES;
				CLANG_WARN_OBJC_IMPLICIT_RETAIN_SELF = YES;
				CLANG_WARN_OBJC_LITERAL_CONVERSION = YES;
				CLANG_WARN_OBJC_ROOT_CLASS = YES_ERROR;
				CLANG_WARN_RANGE_LOOP_ANALYSIS = YES;
				CLANG_WARN_STRICT_PROTOTYPES = YES;
				CLANG_WARN_SUSPICIOUS_MOVE = YES;
				CLANG_WARN_UNGUARDED_AVAILABILITY = YES_AGGRESSIVE;
				CLANG_WARN_UNREACHABLE_CODE = YES;
				CLANG_WARN__DUPLICATE_METHOD_MATCH = YES;
				COPY_PHASE_STRIP = NO;
				DEBUG_INFORMATION_FORMAT = dwarf;
				ENABLE_STRICT_OBJC_MSGSEND = YES;
				ENABLE_TESTABILITY = YES;
				GCC_C_LANGUAGE_STANDARD = gnu11;
				GCC_DYNAMIC_NO_PIC = NO;
				GCC_NO_COMMON_BLOCKS = YES;
				GCC_OPTIMIZATION_LEVEL = 0;
				GCC_PREPROCESSOR_DEFINITIONS = (
					"DEBUG=1",
					"$(inherited)",
				);
				GCC_WARN_64_TO_32_BIT_CONVERSION = YES;
				GCC_WARN_ABOUT_RETURN_TYPE = YES_ERROR;
				GCC_WARN_UNDECLARED_SELECTOR = YES;
				GCC_WARN_UNINITIALIZED_AUTOS = YES_AGGRESSIVE;
				GCC_WARN_UNUSED_FUNCTION = YES;
				GCC_WARN_UNUSED_VARIABLE = YES;
				IPHONEOS_DEPLOYMENT_TARGET = 13.5;
				MTL_ENABLE_DEBUG_INFO = INCLUDE_SOURCE;
				MTL_FAST_MATH = YES;
				ONLY_ACTIVE_ARCH = YES;
				SDKROOT = iphoneos;
				SWIFT_ACTIVE_COMPILATION_CONDITIONS = DEBUG;
				SWIFT_OPTIMIZATION_LEVEL = "-Onone";
			};
			name = Debug;
		};
		6E28549B24F2137400D64A6A /* Release */ = {
			isa = XCBuildConfiguration;
			buildSettings = {
				ALWAYS_SEARCH_USER_PATHS = NO;
				CLANG_ANALYZER_NONNULL = YES;
				CLANG_ANALYZER_NUMBER_OBJECT_CONVERSION = YES_AGGRESSIVE;
				CLANG_CXX_LANGUAGE_STANDARD = "gnu++14";
				CLANG_CXX_LIBRARY = "libc++";
				CLANG_ENABLE_MODULES = YES;
				CLANG_ENABLE_OBJC_ARC = YES;
				CLANG_ENABLE_OBJC_WEAK = YES;
				CLANG_WARN_BLOCK_CAPTURE_AUTORELEASING = YES;
				CLANG_WARN_BOOL_CONVERSION = YES;
				CLANG_WARN_COMMA = YES;
				CLANG_WARN_CONSTANT_CONVERSION = YES;
				CLANG_WARN_DEPRECATED_OBJC_IMPLEMENTATIONS = YES;
				CLANG_WARN_DIRECT_OBJC_ISA_USAGE = YES_ERROR;
				CLANG_WARN_DOCUMENTATION_COMMENTS = YES;
				CLANG_WARN_EMPTY_BODY = YES;
				CLANG_WARN_ENUM_CONVERSION = YES;
				CLANG_WARN_INFINITE_RECURSION = YES;
				CLANG_WARN_INT_CONVERSION = YES;
				CLANG_WARN_NON_LITERAL_NULL_CONVERSION = YES;
				CLANG_WARN_OBJC_IMPLICIT_RETAIN_SELF = YES;
				CLANG_WARN_OBJC_LITERAL_CONVERSION = YES;
				CLANG_WARN_OBJC_ROOT_CLASS = YES_ERROR;
				CLANG_WARN_RANGE_LOOP_ANALYSIS = YES;
				CLANG_WARN_STRICT_PROTOTYPES = YES;
				CLANG_WARN_SUSPICIOUS_MOVE = YES;
				CLANG_WARN_UNGUARDED_AVAILABILITY = YES_AGGRESSIVE;
				CLANG_WARN_UNREACHABLE_CODE = YES;
				CLANG_WARN__DUPLICATE_METHOD_MATCH = YES;
				COPY_PHASE_STRIP = NO;
				DEBUG_INFORMATION_FORMAT = "dwarf-with-dsym";
				ENABLE_NS_ASSERTIONS = NO;
				ENABLE_STRICT_OBJC_MSGSEND = YES;
				GCC_C_LANGUAGE_STANDARD = gnu11;
				GCC_NO_COMMON_BLOCKS = YES;
				GCC_WARN_64_TO_32_BIT_CONVERSION = YES;
				GCC_WARN_ABOUT_RETURN_TYPE = YES_ERROR;
				GCC_WARN_UNDECLARED_SELECTOR = YES;
				GCC_WARN_UNINITIALIZED_AUTOS = YES_AGGRESSIVE;
				GCC_WARN_UNUSED_FUNCTION = YES;
				GCC_WARN_UNUSED_VARIABLE = YES;
				IPHONEOS_DEPLOYMENT_TARGET = 13.5;
				MTL_ENABLE_DEBUG_INFO = NO;
				MTL_FAST_MATH = YES;
				SDKROOT = iphoneos;
				SWIFT_COMPILATION_MODE = wholemodule;
				SWIFT_OPTIMIZATION_LEVEL = "-O";
				VALIDATE_PRODUCT = YES;
			};
			name = Release;
		};
		6E28549D24F2137400D64A6A /* Debug */ = {
			isa = XCBuildConfiguration;
			baseConfigurationReference = 92720C4084D502C149C2589E /* Pods-WordPuzzle.debug.xcconfig */;
			buildSettings = {
				ASSETCATALOG_COMPILER_APPICON_NAME = AppIcon;
				CODE_SIGN_STYLE = Automatic;
				INFOPLIST_FILE = WordPuzzle/AppStartup/Info.plist;
				LD_RUNPATH_SEARCH_PATHS = (
					"$(inherited)",
					"@executable_path/Frameworks",
				);
				PRODUCT_BUNDLE_IDENTIFIER = com.app.WordPuzzle;
				PRODUCT_NAME = "$(TARGET_NAME)";
				SWIFT_VERSION = 5.0;
				TARGETED_DEVICE_FAMILY = 1;
			};
			name = Debug;
		};
		6E28549E24F2137400D64A6A /* Release */ = {
			isa = XCBuildConfiguration;
			baseConfigurationReference = 491C2C249236F2A9B37BE5D0 /* Pods-WordPuzzle.release.xcconfig */;
			buildSettings = {
				ASSETCATALOG_COMPILER_APPICON_NAME = AppIcon;
				CODE_SIGN_STYLE = Automatic;
				INFOPLIST_FILE = WordPuzzle/AppStartup/Info.plist;
				LD_RUNPATH_SEARCH_PATHS = (
					"$(inherited)",
					"@executable_path/Frameworks",
				);
				PRODUCT_BUNDLE_IDENTIFIER = com.app.WordPuzzle;
				PRODUCT_NAME = "$(TARGET_NAME)";
				SWIFT_VERSION = 5.0;
				TARGETED_DEVICE_FAMILY = 1;
			};
			name = Release;
		};
		6E2854A024F2137400D64A6A /* Debug */ = {
			isa = XCBuildConfiguration;
			baseConfigurationReference = B0092DCEFAB570A8B4F231AD /* Pods-WordPuzzleTests.debug.xcconfig */;
			buildSettings = {
				ALWAYS_EMBED_SWIFT_STANDARD_LIBRARIES = YES;
				BUNDLE_LOADER = "$(TEST_HOST)";
				CODE_SIGN_STYLE = Automatic;
				INFOPLIST_FILE = WordPuzzleTests/Info.plist;
				IPHONEOS_DEPLOYMENT_TARGET = 13.5;
				LD_RUNPATH_SEARCH_PATHS = (
					"$(inherited)",
					"@executable_path/Frameworks",
					"@loader_path/Frameworks",
				);
				PRODUCT_BUNDLE_IDENTIFIER = com.app.WordPuzzleTests;
				PRODUCT_NAME = "$(TARGET_NAME)";
				SWIFT_VERSION = 5.0;
				TARGETED_DEVICE_FAMILY = "1,2";
				TEST_HOST = "$(BUILT_PRODUCTS_DIR)/WordPuzzle.app/WordPuzzle";
			};
			name = Debug;
		};
		6E2854A124F2137400D64A6A /* Release */ = {
			isa = XCBuildConfiguration;
			baseConfigurationReference = 96E5C4588426E7A1B9D4167C /* Pods-WordPuzzleTests.release.xcconfig */;
			buildSettings = {
				ALWAYS_EMBED_SWIFT_STANDARD_LIBRARIES = YES;
				BUNDLE_LOADER = "$(TEST_HOST)";
				CODE_SIGN_STYLE = Automatic;
				INFOPLIST_FILE = WordPuzzleTests/Info.plist;
				IPHONEOS_DEPLOYMENT_TARGET = 13.5;
				LD_RUNPATH_SEARCH_PATHS = (
					"$(inherited)",
					"@executable_path/Frameworks",
					"@loader_path/Frameworks",
				);
				PRODUCT_BUNDLE_IDENTIFIER = com.app.WordPuzzleTests;
				PRODUCT_NAME = "$(TARGET_NAME)";
				SWIFT_VERSION = 5.0;
				TARGETED_DEVICE_FAMILY = "1,2";
				TEST_HOST = "$(BUILT_PRODUCTS_DIR)/WordPuzzle.app/WordPuzzle";
			};
			name = Release;
		};
/* End XCBuildConfiguration section */

/* Begin XCConfigurationList section */
		6E28547824F2137000D64A6A /* Build configuration list for PBXProject "WordPuzzle" */ = {
			isa = XCConfigurationList;
			buildConfigurations = (
				6E28549A24F2137400D64A6A /* Debug */,
				6E28549B24F2137400D64A6A /* Release */,
			);
			defaultConfigurationIsVisible = 0;
			defaultConfigurationName = Release;
		};
		6E28549C24F2137400D64A6A /* Build configuration list for PBXNativeTarget "WordPuzzle" */ = {
			isa = XCConfigurationList;
			buildConfigurations = (
				6E28549D24F2137400D64A6A /* Debug */,
				6E28549E24F2137400D64A6A /* Release */,
			);
			defaultConfigurationIsVisible = 0;
			defaultConfigurationName = Release;
		};
		6E28549F24F2137400D64A6A /* Build configuration list for PBXNativeTarget "WordPuzzleTests" */ = {
			isa = XCConfigurationList;
			buildConfigurations = (
				6E2854A024F2137400D64A6A /* Debug */,
				6E2854A124F2137400D64A6A /* Release */,
			);
			defaultConfigurationIsVisible = 0;
			defaultConfigurationName = Release;
		};
/* End XCConfigurationList section */
	};
	rootObject = 6E28547524F2137000D64A6A /* Project object */;
}
